PODS:
  - Flutter (1.0.0)
  - flutter_stetho (0.0.1):
    - Flutter

DEPENDENCIES:
  - Flutter (from `Flutter`)
  - flutter_stetho (from `.symlinks/plugins/flutter_stetho/ios`)

EXTERNAL SOURCES:
  Flutter:
    :path: Flutter
  flutter_stetho:
    :path: ".symlinks/plugins/flutter_stetho/ios"

SPEC CHECKSUMS:
  Flutter: 0e3d915762c693b495b44d77113d4970485de6ec
  flutter_stetho: 0e844616b41b86d6429e86a518ae3a46e83af7cd

PODFILE CHECKSUM: 1b66dae606f75376c5f2135a8290850eeb09ae83

COCOAPODS: 1.8.4
